# This file was autogenerated by Stack.
# You should not edit this file by hand.
# For more information, please see the documentation at:
#   https://docs.haskellstack.org/en/stable/lock_files

packages:
- completed:
    hackage: neat-interpolation-0.5.1.4@sha256:6ca5e3a763c841861b0449abecf0bca4a80e5dc0ed397f2272cfe70ed145970c,3293
    pantry-tree:
      sha256: 645b86e45859efaf2703c020113e57029ae78435c6521a04328767e87c011a1e
      size: 520
  original:
    hackage: neat-interpolation-0.5.1.4
snapshots:
- completed:
    sha256: 7b975b104cb3dbf0c297dfd01f936a4d2ee523241dd0b1ae960522b833fe3027
    size: 714096
    url: https://raw.githubusercontent.com/commercialhaskell/stackage-snapshots/master/lts/22/7.yaml
  original:
    url: https://raw.githubusercontent.com/commercialhaskell/stackage-snapshots/master/lts/22/7.yaml
